<?xml version="1.0" encoding="utf-8"?>
<Project ToolsVersion="4.0" xmlns="http://schemas.microsoft.com/developer/msbuild/2003">
  <ItemGroup>
    <ClCompile Include="..\dependencies\windows\glad\src\glad.c" />
    <ClCompile Include="Game\Character.cpp" />
    <ClCompile Include="Game\Combat.cpp" />
    <ClCompile Include="Game\Enemies.cpp" />
    <ClCompile Include="Game\game.cpp" />
    <ClCompile Include="Game\Inventory.cpp" />
    <ClCompile Include="Game\item.cpp" />
    <ClCompile Include="main.cpp" />
    <ClCompile Include="Engine\Window.cpp" />
    <ClCompile Include="Font.cpp" />
  </ItemGroup>
  <ItemGroup>
    <ClInclude Include="Engine\Core.h" />
    <ClInclude Include="Game\Character.h" />
    <ClInclude Include="Game\Combat.h" />
    <ClInclude Include="Game\Enemies.h" />
    <ClInclude Include="Game\game.h" />
    <ClInclude Include="Game\Inventory.h" />
    <ClInclude Include="Game\item.h" />
    <ClInclude Include="Engine\Window.h" />
    <ClInclude Include="Font.h" />
  </ItemGroup>
</Project>